# generated by rye
# use `rye lock` or `rye sync` to update this lockfile
#
# last locked with the following flags:
#   pre: false
#   features: []
#   all-features: false
#   with-sources: false
#   generate-hashes: false

altgraph==0.17.4
    # via pyinstaller
numpy==1.26.4
packaging==24.0
    # via pyinstaller
    # via pyinstaller-hooks-contrib
pefile==2023.2.7
    # via pyinstaller
pillow==10.3.0
    # via wxpython
pint==0.23
pyinstaller==6.7.0
pyinstaller-hooks-contrib==2024.6
    # via pyinstaller
pyserial==3.5
pywin32-ctypes==0.2.2
    # via pyinstaller
ruff==0.4.8
setuptools==70.0.0
    # via pyinstaller
    # via pyinstaller-hooks-contrib
six==1.16.0
    # via wxpython
tornado==6.4.1
typing-extensions==4.12.1
    # via pint
wxpython==4.2.1
